// !$*UTF8*$!
{
	archiveVersion = 1;
	classes = {
	};
	objectVersion = 46;
	objects = {

/* Begin PBXBuildFile section */
		676EA1131D4C740F00A6BD54 /* metamon2.png in Resources */ = {isa = PBXBuildFile; fileRef = 676EA1111D4C740F00A6BD54 /* metamon2.png */; };
		676EA1141D4C740F00A6BD54 /* monsterball2.png in Resources */ = {isa = PBXBuildFile; fileRef = 676EA1121D4C740F00A6BD54 /* monsterball2.png */; };
		676EA1171D4C7A0F00A6BD54 /* 名称未設定-1.png in Resources */ = {isa = PBXBuildFile; fileRef = 676EA1151D4C7A0F00A6BD54 /* 名称未設定-1.png */; };
		676EA1181D4C7A0F00A6BD54 /* purin.png in Resources */ = {isa = PBXBuildFile; fileRef = 676EA1161D4C7A0F00A6BD54 /* purin.png */; };
		676EA11A1D4C7A5800A6BD54 /* NextGameViewController.swift in Sources */ = {isa = PBXBuildFile; fileRef = 676EA1191D4C7A5800A6BD54 /* NextGameViewController.swift */; };
		676EA11C1D4C7E1300A6BD54 /* last.png in Resources */ = {isa = PBXBuildFile; fileRef = 676EA11B1D4C7E1300A6BD54 /* last.png */; };
		676EA11E1D4C7E3900A6BD54 /* LastGameViewController.swift in Sources */ = {isa = PBXBuildFile; fileRef = 676EA11D1D4C7E3900A6BD54 /* LastGameViewController.swift */; };
		677889CF1D4C5EA600BE55CE /* GameViewController.swift in Sources */ = {isa = PBXBuildFile; fileRef = 677889CE1D4C5EA600BE55CE /* GameViewController.swift */; };
		677889D11D4C5ECA00BE55CE /* RankingViewController.swift in Sources */ = {isa = PBXBuildFile; fileRef = 677889D01D4C5ECA00BE55CE /* RankingViewController.swift */; };
		678201251D4C302C0005294E /* AppDelegate.swift in Sources */ = {isa = PBXBuildFile; fileRef = 678201241D4C302C0005294E /* AppDelegate.swift */; };
		678201271D4C302C0005294E /* ViewController.swift in Sources */ = {isa = PBXBuildFile; fileRef = 678201261D4C302C0005294E /* ViewController.swift */; };
		6782012A1D4C302C0005294E /* Main.storyboard in Resources */ = {isa = PBXBuildFile; fileRef = 678201281D4C302C0005294E /* Main.storyboard */; };
		6782012C1D4C302C0005294E /* Assets.xcassets in Resources */ = {isa = PBXBuildFile; fileRef = 6782012B1D4C302C0005294E /* Assets.xcassets */; };
		6782012F1D4C302C0005294E /* LaunchScreen.storyboard in Resources */ = {isa = PBXBuildFile; fileRef = 6782012D1D4C302C0005294E /* LaunchScreen.storyboard */; };
		6782013A1D4C302C0005294E /* PokemonTests.swift in Sources */ = {isa = PBXBuildFile; fileRef = 678201391D4C302C0005294E /* PokemonTests.swift */; };
		678201451D4C302C0005294E /* PokemonUITests.swift in Sources */ = {isa = PBXBuildFile; fileRef = 678201441D4C302C0005294E /* PokemonUITests.swift */; };
/* End PBXBuildFile section */

/* Begin PBXContainerItemProxy section */
		678201361D4C302C0005294E /* PBXContainerItemProxy */ = {
			isa = PBXContainerItemProxy;
			containerPortal = 678201191D4C302B0005294E /* Project object */;
			proxyType = 1;
			remoteGlobalIDString = 678201201D4C302B0005294E;
			remoteInfo = Pokemon;
		};
		678201411D4C302C0005294E /* PBXContainerItemProxy */ = {
			isa = PBXContainerItemProxy;
			containerPortal = 678201191D4C302B0005294E /* Project object */;
			proxyType = 1;
			remoteGlobalIDString = 678201201D4C302B0005294E;
			remoteInfo = Pokemon;
		};
/* End PBXContainerItemProxy section */

/* Begin PBXFileReference section */
		676EA1111D4C740F00A6BD54 /* metamon2.png */ = {isa = PBXFileReference; lastKnownFileType = image.png; path = metamon2.png; sourceTree = "<group>"; };
		676EA1121D4C740F00A6BD54 /* monsterball2.png */ = {isa = PBXFileReference; lastKnownFileType = image.png; path = monsterball2.png; sourceTree = "<group>"; };
		676EA1151D4C7A0F00A6BD54 /* 名称未設定-1.png */ = {isa = PBXFileReference; lastKnownFileType = image.png; path = "名称未設定-1.png"; sourceTree = "<group>"; };
		676EA1161D4C7A0F00A6BD54 /* purin.png */ = {isa = PBXFileReference; lastKnownFileType = image.png; path = purin.png; sourceTree = "<group>"; };
		676EA1191D4C7A5800A6BD54 /* NextGameViewController.swift */ = {isa = PBXFileReference; fileEncoding = 4; lastKnownFileType = sourcecode.swift; path = NextGameViewController.swift; sourceTree = "<group>"; };
		676EA11B1D4C7E1300A6BD54 /* last.png */ = {isa = PBXFileReference; lastKnownFileType = image.png; path = last.png; sourceTree = "<group>"; };
		676EA11D1D4C7E3900A6BD54 /* LastGameViewController.swift */ = {isa = PBXFileReference; fileEncoding = 4; lastKnownFileType = sourcecode.swift; path = LastGameViewController.swift; sourceTree = "<group>"; };
		677889CE1D4C5EA600BE55CE /* GameViewController.swift */ = {isa = PBXFileReference; fileEncoding = 4; lastKnownFileType = sourcecode.swift; path = GameViewController.swift; sourceTree = "<group>"; };
		677889D01D4C5ECA00BE55CE /* RankingViewController.swift */ = {isa = PBXFileReference; fileEncoding = 4; lastKnownFileType = sourcecode.swift; path = RankingViewController.swift; sourceTree = "<group>"; };
		678201211D4C302B0005294E /* Pokemon.app */ = {isa = PBXFileReference; explicitFileType = wrapper.application; includeInIndex = 0; path = Pokemon.app; sourceTree = BUILT_PRODUCTS_DIR; };
		678201241D4C302C0005294E /* AppDelegate.swift */ = {isa = PBXFileReference; lastKnownFileType = sourcecode.swift; path = AppDelegate.swift; sourceTree = "<group>"; };
		678201261D4C302C0005294E /* ViewController.swift */ = {isa = PBXFileReference; lastKnownFileType = sourcecode.swift; path = ViewController.swift; sourceTree = "<group>"; };
		678201291D4C302C0005294E /* Base */ = {isa = PBXFileReference; lastKnownFileType = file.storyboard; name = Base; path = Base.lproj/Main.storyboard; sourceTree = "<group>"; };
		6782012B1D4C302C0005294E /* Assets.xcassets */ = {isa = PBXFileReference; lastKnownFileType = folder.assetcatalog; path = Assets.xcassets; sourceTree = "<group>"; };
		6782012E1D4C302C0005294E /* Base */ = {isa = PBXFileReference; lastKnownFileType = file.storyboard; name = Base; path = Base.lproj/LaunchScreen.storyboard; sourceTree = "<group>"; };
		678201301D4C302C0005294E /* Info.plist */ = {isa = PBXFileReference; lastKnownFileType = text.plist.xml; path = Info.plist; sourceTree = "<group>"; };
		678201351D4C302C0005294E /* PokemonTests.xctest */ = {isa = PBXFileReference; explicitFileType = wrapper.cfbundle; includeInIndex = 0; path = PokemonTests.xctest; sourceTree = BUILT_PRODUCTS_DIR; };
		678201391D4C302C0005294E /* PokemonTests.swift */ = {isa = PBXFileReference; lastKnownFileType = sourcecode.swift; path = PokemonTests.swift; sourceTree = "<group>"; };
		6782013B1D4C302C0005294E /* Info.plist */ = {isa = PBXFileReference; lastKnownFileType = text.plist.xml; path = Info.plist; sourceTree = "<group>"; };
		678201401D4C302C0005294E /* PokemonUITests.xctest */ = {isa = PBXFileReference; explicitFileType = wrapper.cfbundle; includeInIndex = 0; path = PokemonUITests.xctest; sourceTree = BUILT_PRODUCTS_DIR; };
		678201441D4C302C0005294E /* PokemonUITests.swift */ = {isa = PBXFileReference; lastKnownFileType = sourcecode.swift; path = PokemonUITests.swift; sourceTree = "<group>"; };
		678201461D4C302C0005294E /* Info.plist */ = {isa = PBXFileReference; lastKnownFileType = text.plist.xml; path = Info.plist; sourceTree = "<group>"; };
/* End PBXFileReference section */

/* Begin PBXFrameworksBuildPhase section */
		6782011E1D4C302B0005294E /* Frameworks */ = {
			isa = PBXFrameworksBuildPhase;
			buildActionMask = 2147483647;
			files = (
			);
			runOnlyForDeploymentPostprocessing = 0;
		};
		678201321D4C302C0005294E /* Frameworks */ = {
			isa = PBXFrameworksBuildPhase;
			buildActionMask = 2147483647;
			files = (
			);
			runOnlyForDeploymentPostprocessing = 0;
		};
		6782013D1D4C302C0005294E /* Frameworks */ = {
			isa = PBXFrameworksBuildPhase;
			buildActionMask = 2147483647;
			files = (
			);
			runOnlyForDeploymentPostprocessing = 0;
		};
/* End PBXFrameworksBuildPhase section */

/* Begin PBXGroup section */
		678201181D4C302B0005294E = {
			isa = PBXGroup;
			children = (
				676EA11D1D4C7E3900A6BD54 /* LastGameViewController.swift */,
				676EA11B1D4C7E1300A6BD54 /* last.png */,
				676EA1191D4C7A5800A6BD54 /* NextGameViewController.swift */,
				676EA1151D4C7A0F00A6BD54 /* 名称未設定-1.png */,
				676EA1161D4C7A0F00A6BD54 /* purin.png */,
				676EA1111D4C740F00A6BD54 /* metamon2.png */,
				676EA1121D4C740F00A6BD54 /* monsterball2.png */,
				677889D01D4C5ECA00BE55CE /* RankingViewController.swift */,
				677889CE1D4C5EA600BE55CE /* GameViewController.swift */,
				678201231D4C302C0005294E /* Pokemon */,
				678201381D4C302C0005294E /* PokemonTests */,
				678201431D4C302C0005294E /* PokemonUITests */,
				678201221D4C302B0005294E /* Products */,
			);
			sourceTree = "<group>";
		};
		678201221D4C302B0005294E /* Products */ = {
			isa = PBXGroup;
			children = (
				678201211D4C302B0005294E /* Pokemon.app */,
				678201351D4C302C0005294E /* PokemonTests.xctest */,
				678201401D4C302C0005294E /* PokemonUITests.xctest */,
			);
			name = Products;
			sourceTree = "<group>";
		};
		678201231D4C302C0005294E /* Pokemon */ = {
			isa = PBXGroup;
			children = (
				678201241D4C302C0005294E /* AppDelegate.swift */,
				678201261D4C302C0005294E /* ViewController.swift */,
				678201281D4C302C0005294E /* Main.storyboard */,
				6782012B1D4C302C0005294E /* Assets.xcassets */,
				6782012D1D4C302C0005294E /* LaunchScreen.storyboard */,
				678201301D4C302C0005294E /* Info.plist */,
			);
			path = Pokemon;
			sourceTree = "<group>";
		};
		678201381D4C302C0005294E /* PokemonTests */ = {
			isa = PBXGroup;
			children = (
				678201391D4C302C0005294E /* PokemonTests.swift */,
				6782013B1D4C302C0005294E /* Info.plist */,
			);
			path = PokemonTests;
			sourceTree = "<group>";
		};
		678201431D4C302C0005294E /* PokemonUITests */ = {
			isa = PBXGroup;
			children = (
				678201441D4C302C0005294E /* PokemonUITests.swift */,
				678201461D4C302C0005294E /* Info.plist */,
			);
			path = PokemonUITests;
			sourceTree = "<group>";
		};
/* End PBXGroup section */

/* Begin PBXNativeTarget section */
		678201201D4C302B0005294E /* Pokemon */ = {
			isa = PBXNativeTarget;
			buildConfigurationList = 678201491D4C302C0005294E /* Build configuration list for PBXNativeTarget "Pokemon" */;
			buildPhases = (
				6782011D1D4C302B0005294E /* Sources */,
				6782011E1D4C302B0005294E /* Frameworks */,
				6782011F1D4C302B0005294E /* Resources */,
			);
			buildRules = (
			);
			dependencies = (
			);
			name = Pokemon;
			productName = Pokemon;
			productReference = 678201211D4C302B0005294E /* Pokemon.app */;
			productType = "com.apple.product-type.application";
		};
		678201341D4C302C0005294E /* PokemonTests */ = {
			isa = PBXNativeTarget;
			buildConfigurationList = 6782014C1D4C302C0005294E /* Build configuration list for PBXNativeTarget "PokemonTests" */;
			buildPhases = (
				678201311D4C302C0005294E /* Sources */,
				678201321D4C302C0005294E /* Frameworks */,
				678201331D4C302C0005294E /* Resources */,
			);
			buildRules = (
			);
			dependencies = (
				678201371D4C302C0005294E /* PBXTargetDependency */,
			);
			name = PokemonTests;
			productName = PokemonTests;
			productReference = 678201351D4C302C0005294E /* PokemonTests.xctest */;
			productType = "com.apple.product-type.bundle.unit-test";
		};
		6782013F1D4C302C0005294E /* PokemonUITests */ = {
			isa = PBXNativeTarget;
			buildConfigurationList = 6782014F1D4C302C0005294E /* Build configuration list for PBXNativeTarget "PokemonUITests" */;
			buildPhases = (
				6782013C1D4C302C0005294E /* Sources */,
				6782013D1D4C302C0005294E /* Frameworks */,
				6782013E1D4C302C0005294E /* Resources */,
			);
			buildRules = (
			);
			dependencies = (
				678201421D4C302C0005294E /* PBXTargetDependency */,
			);
			name = PokemonUITests;
			productName = PokemonUITests;
			productReference = 678201401D4C302C0005294E /* PokemonUITests.xctest */;
			productType = "com.apple.product-type.bundle.ui-testing";
		};
/* End PBXNativeTarget section */

/* Begin PBXProject section */
		678201191D4C302B0005294E /* Project object */ = {
			isa = PBXProject;
			attributes = {
				LastSwiftUpdateCheck = 0730;
				LastUpgradeCheck = 0730;
				ORGANIZATIONNAME = com.odakaayaka;
				TargetAttributes = {
					678201201D4C302B0005294E = {
						CreatedOnToolsVersion = 7.3.1;
					};
					678201341D4C302C0005294E = {
						CreatedOnToolsVersion = 7.3.1;
						TestTargetID = 678201201D4C302B0005294E;
					};
					6782013F1D4C302C0005294E = {
						CreatedOnToolsVersion = 7.3.1;
						TestTargetID = 678201201D4C302B0005294E;
					};
				};
			};
			buildConfigurationList = 6782011C1D4C302B0005294E /* Build configuration list for PBXProject "Pokemon" */;
			compatibilityVersion = "Xcode 3.2";
			developmentRegion = English;
			hasScannedForEncodings = 0;
			knownRegions = (
				en,
				Base,
			);
			mainGroup = 678201181D4C302B0005294E;
			productRefGroup = 678201221D4C302B0005294E /* Products */;
			projectDirPath = "";
			projectRoot = "";
			targets = (
				678201201D4C302B0005294E /* Pokemon */,
				678201341D4C302C0005294E /* PokemonTests */,
				6782013F1D4C302C0005294E /* PokemonUITests */,
			);
		};
/* End PBXProject section */

/* Begin PBXResourcesBuildPhase section */
		6782011F1D4C302B0005294E /* Resources */ = {
			isa = PBXResourcesBuildPhase;
			buildActionMask = 2147483647;
			files = (
				676EA1171D4C7A0F00A6BD54 /* 名称未設定-1.png in Resources */,
				676EA1181D4C7A0F00A6BD54 /* purin.png in Resources */,
				6782012F1D4C302C0005294E /* LaunchScreen.storyboard in Resources */,
				6782012C1D4C302C0005294E /* Assets.xcassets in Resources */,
				676EA1131D4C740F00A6BD54 /* metamon2.png in Resources */,
				676EA1141D4C740F00A6BD54 /* monsterball2.png in Resources */,
				6782012A1D4C302C0005294E /* Main.storyboard in Resources */,
				676EA11C1D4C7E1300A6BD54 /* last.png in Resources */,
			);
			runOnlyForDeploymentPostprocessing = 0;
		};
		678201331D4C302C0005294E /* Resources */ = {
			isa = PBXResourcesBuildPhase;
			buildActionMask = 2147483647;
			files = (
			);
			runOnlyForDeploymentPostprocessing = 0;
		};
		6782013E1D4C302C0005294E /* Resources */ = {
			isa = PBXResourcesBuildPhase;
			buildActionMask = 2147483647;
			files = (
			);
			runOnlyForDeploymentPostprocessing = 0;
		};
/* End PBXResourcesBuildPhase section */

/* Begin PBXSourcesBuildPhase section */
		6782011D1D4C302B0005294E /* Sources */ = {
			isa = PBXSourcesBuildPhase;
			buildActionMask = 2147483647;
			files = (
				678201271D4C302C0005294E /* ViewController.swift in Sources */,
				677889CF1D4C5EA600BE55CE /* GameViewController.swift in Sources */,
				676EA11E1D4C7E3900A6BD54 /* LastGameViewController.swift in Sources */,
				678201251D4C302C0005294E /* AppDelegate.swift in Sources */,
				677889D11D4C5ECA00BE55CE /* RankingViewController.swift in Sources */,
				676EA11A1D4C7A5800A6BD54 /* NextGameViewController.swift in Sources */,
			);
			runOnlyForDeploymentPostprocessing = 0;
		};
		678201311D4C302C0005294E /* Sources */ = {
			isa = PBXSourcesBuildPhase;
			buildActionMask = 2147483647;
			files = (
				6782013A1D4C302C0005294E /* PokemonTests.swift in Sources */,
			);
			runOnlyForDeploymentPostprocessing = 0;
		};
		6782013C1D4C302C0005294E /* Sources */ = {
			isa = PBXSourcesBuildPhase;
			buildActionMask = 2147483647;
			files = (
				678201451D4C302C0005294E /* PokemonUITests.swift in Sources */,
			);
			runOnlyForDeploymentPostprocessing = 0;
		};
/* End PBXSourcesBuildPhase section */

/* Begin PBXTargetDependency section */
		678201371D4C302C0005294E /* PBXTargetDependency */ = {
			isa = PBXTargetDependency;
			target = 678201201D4C302B0005294E /* Pokemon */;
			targetProxy = 678201361D4C302C0005294E /* PBXContainerItemProxy */;
		};
		678201421D4C302C0005294E /* PBXTargetDependency */ = {
			isa = PBXTargetDependency;
			target = 678201201D4C302B0005294E /* Pokemon */;
			targetProxy = 678201411D4C302C0005294E /* PBXContainerItemProxy */;
		};
/* End PBXTargetDependency section */

/* Begin PBXVariantGroup section */
		678201281D4C302C0005294E /* Main.storyboard */ = {
			isa = PBXVariantGroup;
			children = (
				678201291D4C302C0005294E /* Base */,
			);
			name = Main.storyboard;
			sourceTree = "<group>";
		};
		6782012D1D4C302C0005294E /* LaunchScreen.storyboard */ = {
			isa = PBXVariantGroup;
			children = (
				6782012E1D4C302C0005294E /* Base */,
			);
			name = LaunchScreen.storyboard;
			sourceTree = "<group>";
		};
/* End PBXVariantGroup section */

/* Begin XCBuildConfiguration section */
		678201471D4C302C0005294E /* Debug */ = {
			isa = XCBuildConfiguration;
			buildSettings = {
				ALWAYS_SEARCH_USER_PATHS = NO;
				CLANG_ANALYZER_NONNULL = YES;
				CLANG_CXX_LANGUAGE_STANDARD = "gnu++0x";
				CLANG_CXX_LIBRARY = "libc++";
				CLANG_ENABLE_MODULES = YES;
				CLANG_ENABLE_OBJC_ARC = YES;
				CLANG_WARN_BOOL_CONVERSION = YES;
				CLANG_WARN_CONSTANT_CONVERSION = YES;
				CLANG_WARN_DIRECT_OBJC_ISA_USAGE = YES_ERROR;
				CLANG_WARN_EMPTY_BODY = YES;
				CLANG_WARN_ENUM_CONVERSION = YES;
				CLANG_WARN_INT_CONVERSION = YES;
				CLANG_WARN_OBJC_ROOT_CLASS = YES_ERROR;
				CLANG_WARN_UNREACHABLE_CODE = YES;
				CLANG_WARN__DUPLICATE_METHOD_MATCH = YES;
				"CODE_SIGN_IDENTITY[sdk=iphoneos*]" = "iPhone Developer";
				COPY_PHASE_STRIP = NO;
				DEBUG_INFORMATION_FORMAT = dwarf;
				ENABLE_STRICT_OBJC_MSGSEND = YES;
				ENABLE_TESTABILITY = YES;
				GCC_C_LANGUAGE_STANDARD = gnu99;
				GCC_DYNAMIC_NO_PIC = NO;
				GCC_NO_COMMON_BLOCKS = YES;
				GCC_OPTIMIZATION_LEVEL = 0;
				GCC_PREPROCESSOR_DEFINITIONS = (
					"DEBUG=1",
					"$(inherited)",
				);
				GCC_WARN_64_TO_32_BIT_CONVERSION = YES;
				GCC_WARN_ABOUT_RETURN_TYPE = YES_ERROR;
				GCC_WARN_UNDECLARED_SELECTOR = YES;
				GCC_WARN_UNINITIALIZED_AUTOS = YES_AGGRESSIVE;
				GCC_WARN_UNUSED_FUNCTION = YES;
				GCC_WARN_UNUSED_VARIABLE = YES;
				IPHONEOS_DEPLOYMENT_TARGET = 9.3;
				MTL_ENABLE_DEBUG_INFO = YES;
				ONLY_ACTIVE_ARCH = YES;
				SDKROOT = iphoneos;
				SWIFT_OPTIMIZATION_LEVEL = "-Onone";
			};
			name = Debug;
		};
		678201481D4C302C0005294E /* Release */ = {
			isa = XCBuildConfiguration;
			buildSettings = {
				ALWAYS_SEARCH_USER_PATHS = NO;
				CLANG_ANALYZER_NONNULL = YES;
				CLANG_CXX_LANGUAGE_STANDARD = "gnu++0x";
				CLANG_CXX_LIBRARY = "libc++";
				CLANG_ENABLE_MODULES = YES;
				CLANG_ENABLE_OBJC_ARC = YES;
				CLANG_WARN_BOOL_CONVERSION = YES;
				CLANG_WARN_CONSTANT_CONVERSION = YES;
				CLANG_WARN_DIRECT_OBJC_ISA_USAGE = YES_ERROR;
				CLANG_WARN_EMPTY_BODY = YES;
				CLANG_WARN_ENUM_CONVERSION = YES;
				CLANG_WARN_INT_CONVERSION = YES;
				CLANG_WARN_OBJC_ROOT_CLASS = YES_ERROR;
				CLANG_WARN_UNREACHABLE_CODE = YES;
				CLANG_WARN__DUPLICATE_METHOD_MATCH = YES;
				"CODE_SIGN_IDENTITY[sdk=iphoneos*]" = "iPhone Developer";
				COPY_PHASE_STRIP = NO;
				DEBUG_INFORMATION_FORMAT = "dwarf-with-dsym";
				ENABLE_NS_ASSERTIONS = NO;
				ENABLE_STRICT_OBJC_MSGSEND = YES;
				GCC_C_LANGUAGE_STANDARD = gnu99;
				GCC_NO_COMMON_BLOCKS = YES;
				GCC_WARN_64_TO_32_BIT_CONVERSION = YES;
				GCC_WARN_ABOUT_RETURN_TYPE = YES_ERROR;
				GCC_WARN_UNDECLARED_SELECTOR = YES;
				GCC_WARN_UNINITIALIZED_AUTOS = YES_AGGRESSIVE;
				GCC_WARN_UNUSED_FUNCTION = YES;
				GCC_WARN_UNUSED_VARIABLE = YES;
				IPHONEOS_DEPLOYMENT_TARGET = 9.3;
				MTL_ENABLE_DEBUG_INFO = NO;
				SDKROOT = iphoneos;
				VALIDATE_PRODUCT = YES;
			};
			name = Release;
		};
		6782014A1D4C302C0005294E /* Debug */ = {
			isa = XCBuildConfiguration;
			buildSettings = {
				ASSETCATALOG_COMPILER_APPICON_NAME = AppIcon;
				INFOPLIST_FILE = Pokemon/Info.plist;
				LD_RUNPATH_SEARCH_PATHS = "$(inherited) @executable_path/Frameworks";
				PRODUCT_BUNDLE_IDENTIFIER = com.odakaayaka.Pokemon;
				PRODUCT_NAME = "$(TARGET_NAME)";
			};
			name = Debug;
		};
		6782014B1D4C302C0005294E /* Release */ = {
			isa = XCBuildConfiguration;
			buildSettings = {
				ASSETCATALOG_COMPILER_APPICON_NAME = AppIcon;
				INFOPLIST_FILE = Pokemon/Info.plist;
				LD_RUNPATH_SEARCH_PATHS = "$(inherited) @executable_path/Frameworks";
				PRODUCT_BUNDLE_IDENTIFIER = com.odakaayaka.Pokemon;
				PRODUCT_NAME = "$(TARGET_NAME)";
			};
			name = Release;
		};
		6782014D1D4C302C0005294E /* Debug */ = {
			isa = XCBuildConfiguration;
			buildSettings = {
				BUNDLE_LOADER = "$(TEST_HOST)";
				INFOPLIST_FILE = PokemonTests/Info.plist;
				LD_RUNPATH_SEARCH_PATHS = "$(inherited) @executable_path/Frameworks @loader_path/Frameworks";
				PRODUCT_BUNDLE_IDENTIFIER = com.odakaayaka.PokemonTests;
				PRODUCT_NAME = "$(TARGET_NAME)";
				TEST_HOST = "$(BUILT_PRODUCTS_DIR)/Pokemon.app/Pokemon";
			};
			name = Debug;
		};
		6782014E1D4C302C0005294E /* Release */ = {
			isa = XCBuildConfiguration;
			buildSettings = {
				BUNDLE_LOADER = "$(TEST_HOST)";
				INFOPLIST_FILE = PokemonTests/Info.plist;
				LD_RUNPATH_SEARCH_PATHS = "$(inherited) @executable_path/Frameworks @loader_path/Frameworks";
				PRODUCT_BUNDLE_IDENTIFIER = com.odakaayaka.PokemonTests;
				PRODUCT_NAME = "$(TARGET_NAME)";
				TEST_HOST = "$(BUILT_PRODUCTS_DIR)/Pokemon.app/Pokemon";
			};
			name = Release;
		};
		678201501D4C302C0005294E /* Debug */ = {
			isa = XCBuildConfiguration;
			buildSettings = {
				INFOPLIST_FILE = PokemonUITests/Info.plist;
				LD_RUNPATH_SEARCH_PATHS = "$(inherited) @executable_path/Frameworks @loader_path/Frameworks";
				PRODUCT_BUNDLE_IDENTIFIER = com.odakaayaka.PokemonUITests;
				PRODUCT_NAME = "$(TARGET_NAME)";
				TEST_TARGET_NAME = Pokemon;
			};
			name = Debug;
		};
		678201511D4C302C0005294E /* Release */ = {
			isa = XCBuildConfiguration;
			buildSettings = {
				INFOPLIST_FILE = PokemonUITests/Info.plist;
				LD_RUNPATH_SEARCH_PATHS = "$(inherited) @executable_path/Frameworks @loader_path/Frameworks";
				PRODUCT_BUNDLE_IDENTIFIER = com.odakaayaka.PokemonUITests;
				PRODUCT_NAME = "$(TARGET_NAME)";
				TEST_TARGET_NAME = Pokemon;
			};
			name = Release;
		};
/* End XCBuildConfiguration section */

/* Begin XCConfigurationList section */
		6782011C1D4C302B0005294E /* Build configuration list for PBXProject "Pokemon" */ = {
			isa = XCConfigurationList;
			buildConfigurations = (
				678201471D4C302C0005294E /* Debug */,
				678201481D4C302C0005294E /* Release */,
			);
			defaultConfigurationIsVisible = 0;
			defaultConfigurationName = Release;
		};
		678201491D4C302C0005294E /* Build configuration list for PBXNativeTarget "Pokemon" */ = {
			isa = XCConfigurationList;
			buildConfigurations = (
				6782014A1D4C302C0005294E /* Debug */,
				6782014B1D4C302C0005294E /* Release */,
			);
			defaultConfigurationIsVisible = 0;
			defaultConfigurationName = Release;
		};
		6782014C1D4C302C0005294E /* Build configuration list for PBXNativeTarget "PokemonTests" */ = {
			isa = XCConfigurationList;
			buildConfigurations = (
				6782014D1D4C302C0005294E /* Debug */,
				6782014E1D4C302C0005294E /* Release */,
			);
			defaultConfigurationIsVisible = 0;
			defaultConfigurationName = Release;
		};
		6782014F1D4C302C0005294E /* Build configuration list for PBXNativeTarget "PokemonUITests" */ = {
			isa = XCConfigurationList;
			buildConfigurations = (
				678201501D4C302C0005294E /* Debug */,
				678201511D4C302C0005294E /* Release */,
			);
			defaultConfigurationIsVisible = 0;
			defaultConfigurationName = Release;
		};
/* End XCConfigurationList section */
	};
	rootObject = 678201191D4C302B0005294E /* Project object */;
}
